{
    "_readme": [
        "This file locks the dependencies of your project to a known state",
        "Read more about it at https://getcomposer.org/doc/01-basic-usage.md#composer-lock-the-lock-file",
        "This file is @generated automatically"
    ],
    "content-hash": "477cab1bb5370994641ac492d419814c",
    "packages": [
        {
            "name": "cythral/phyrex",
            "version": "v0.1.0",
            "source": {
                "type": "git",
                "url": "https://github.com/cythral/phyrex.git",
                "reference": "11664b402e8f8816a54410a842ab52b66aaaf5ee"
            },
            "dist": {
                "type": "zip",
                "url": "https://api.github.com/repos/cythral/phyrex/zipball/11664b402e8f8816a54410a842ab52b66aaaf5ee",
                "reference": "11664b402e8f8816a54410a842ab52b66aaaf5ee",
                "shasum": ""
            },
            "require": {
                "php": ">=7.0"
            },
            "type": "library",
            "autoload": {
                "psr-4": {
                    "phyrex\\": "src/"
                }
            },
            "notification-url": "https://packagist.org/downloads/",
            "license": [
                "GPL-3.0"
            ],
            "description": "A simple templating library.",
            "time": "2017-12-04T17:32:39+00:00"
        },
        {
            "name": "cythral/reqc",
            "version": "v1.3.0",
            "source": {
                "type": "git",
                "url": "https://github.com/cythral/reqc.git",
                "reference": "421e0594179dcfcadf495c9a8d5e8d30c649937e"
            },
            "dist": {
                "type": "zip",
                "url": "https://api.github.com/repos/cythral/reqc/zipball/421e0594179dcfcadf495c9a8d5e8d30c649937e",
                "reference": "421e0594179dcfcadf495c9a8d5e8d30c649937e",
                "shasum": ""
            },
            "require": {
                "ext-curl": "*",
                "php": ">=7.0"
            },
            "require-dev": {
                "kherge/box": "^2.7"
            },
            "type": "library",
            "autoload": {
                "psr-4": {
                    "reqc\\": "src/lib/"
                },
                "files": [
                    "src/reqc.php"
                ],
                "exclude-from-classmap": [
                    "/src/reqc.php"
                ]
            },
            "notification-url": "https://packagist.org/downloads/",
            "license": [
                "GPL-3.0"
            ],
            "description": "A library for handling incoming and outgoing requests.",
            "time": "2017-12-06T16:51:03+00:00"
        }
    ],
    "packages-dev": [],
    "aliases": [],
    "minimum-stability": "stable",
    "stability-flags": [],
    "prefer-stable": false,
    "prefer-lowest": false,
    "platform": {
        "php": ">=7.0",
        "ext-curl": "*"
    },
    "platform-dev": []
}
